
Microsoft Visual Studio Solution File, Format Version 12.00
# Visual Studio Version 16
VisualStudioVersion = 25.0.1703.8
MinimumVisualStudioVersion = 10.0.40219.1
Project("{FAE04EC0-301F-11D3-BF4B-00C04F79EFBC}") = "FPT_Library", "FPT_Library.csproj", "{15071C21-56E9-494F-8E00-C1AA51F7A870}"
EndProject
Global
	GlobalSection(SolutionConfigurationPlatforms) = preSolution
		Debug|Any CPU = Debug|Any CPU
		Release|Any CPU = Release|Any CPU
	EndGlobalSection
	GlobalSection(ProjectConfigurationPlatforms) = postSolution
		{15071C21-56E9-494F-8E00-C1AA51F7A870}.Debug|Any CPU.ActiveCfg = Debug|Any CPU
		{15071C21-56E9-494F-8E00-C1AA51F7A870}.Debug|Any CPU.Build.0 = Debug|Any CPU
		{15071C21-56E9-494F-8E00-C1AA51F7A870}.Release|Any CPU.ActiveCfg = Release|Any CPU
		{15071C21-56E9-494F-8E00-C1AA51F7A870}.Release|Any CPU.Build.0 = Release|Any CPU
	EndGlobalSection
	GlobalSection(SolutionProperties) = preSolution
		HideSolutionNode = FALSE
	EndGlobalSection
	GlobalSection(ExtensibilityGlobals) = postSolution
		SolutionGuid = {638D6760-2AEA-47C7-87B6-181B364965C0}
	EndGlobalSection
EndGlobal
